<Solution>
  <Folder Name="/src/">
    <Project Path="src/DataScorpio.EntityFrameworkCore/DataScorpio.EntityFrameworkCore.csproj" />
    <Project Path="src/DataScorpio/DataScorpio.csproj" />
  </Folder>
  <Folder Name="/tests/">
    <Project Path="tests/DataScorpio.EntityFrameworkCore.Tests/DataScorpio.EntityFrameworkCore.Tests.csproj" />
    <Project Path="tests/DataScorpio.Tests/DataScorpio.Tests.csproj" />
  </Folder>
</Solution>
